// !$*UTF8*$!
{
	archiveVersion = 1;
	classes = {
	};
	objectVersion = 56;
	objects = {

/* Begin PBXBuildFile section */
		963ECEA829D2FB1D00ABE553 /* AppDelegate.swift in Sources */ = {isa = PBXBuildFile; fileRef = 963ECEA729D2FB1D00ABE553 /* AppDelegate.swift */; };
		963ECEAA29D2FB1D00ABE553 /* SceneDelegate.swift in Sources */ = {isa = PBXBuildFile; fileRef = 963ECEA929D2FB1D00ABE553 /* SceneDelegate.swift */; };
		963ECEAC29D2FB1D00ABE553 /* ViewController.swift in Sources */ = {isa = PBXBuildFile; fileRef = 963ECEAB29D2FB1D00ABE553 /* ViewController.swift */; };
		963ECEAF29D2FB1D00ABE553 /* Main.storyboard in Resources */ = {isa = PBXBuildFile; fileRef = 963ECEAD29D2FB1D00ABE553 /* Main.storyboard */; };
		963ECEB129D2FB1D00ABE553 /* Assets.xcassets in Resources */ = {isa = PBXBuildFile; fileRef = 963ECEB029D2FB1D00ABE553 /* Assets.xcassets */; };
		963ECEB429D2FB1D00ABE553 /* LaunchScreen.storyboard in Resources */ = {isa = PBXBuildFile; fileRef = 963ECEB229D2FB1D00ABE553 /* LaunchScreen.storyboard */; };
		963ECEBF29D2FB1E00ABE553 /* _______3________Tests.swift in Sources */ = {isa = PBXBuildFile; fileRef = 963ECEBE29D2FB1E00ABE553 /* _______3________Tests.swift */; };
		963ECEC929D2FB1E00ABE553 /* _______3________UITests.swift in Sources */ = {isa = PBXBuildFile; fileRef = 963ECEC829D2FB1E00ABE553 /* _______3________UITests.swift */; };
		963ECECB29D2FB1E00ABE553 /* _______3________UITestsLaunchTests.swift in Sources */ = {isa = PBXBuildFile; fileRef = 963ECECA29D2FB1E00ABE553 /* _______3________UITestsLaunchTests.swift */; };
/* End PBXBuildFile section */

/* Begin PBXContainerItemProxy section */
		963ECEBB29D2FB1D00ABE553 /* PBXContainerItemProxy */ = {
			isa = PBXContainerItemProxy;
			containerPortal = 963ECE9C29D2FB1D00ABE553 /* Project object */;
			proxyType = 1;
			remoteGlobalIDString = 963ECEA329D2FB1D00ABE553;
			remoteInfo = "Спринт 3. Задача";
		};
		963ECEC529D2FB1E00ABE553 /* PBXContainerItemProxy */ = {
			isa = PBXContainerItemProxy;
			containerPortal = 963ECE9C29D2FB1D00ABE553 /* Project object */;
			proxyType = 1;
			remoteGlobalIDString = 963ECEA329D2FB1D00ABE553;
			remoteInfo = "Спринт 3. Задача";
		};
/* End PBXContainerItemProxy section */

/* Begin PBXFileReference section */
		963ECEA429D2FB1D00ABE553 /* Спринт 3. Задача.app */ = {isa = PBXFileReference; explicitFileType = wrapper.application; includeInIndex = 0; path = "Спринт 3. Задача.app"; sourceTree = BUILT_PRODUCTS_DIR; };
		963ECEA729D2FB1D00ABE553 /* AppDelegate.swift */ = {isa = PBXFileReference; lastKnownFileType = sourcecode.swift; path = AppDelegate.swift; sourceTree = "<group>"; };
		963ECEA929D2FB1D00ABE553 /* SceneDelegate.swift */ = {isa = PBXFileReference; lastKnownFileType = sourcecode.swift; path = SceneDelegate.swift; sourceTree = "<group>"; };
		963ECEAB29D2FB1D00ABE553 /* ViewController.swift */ = {isa = PBXFileReference; lastKnownFileType = sourcecode.swift; path = ViewController.swift; sourceTree = "<group>"; };
		963ECEAE29D2FB1D00ABE553 /* Base */ = {isa = PBXFileReference; lastKnownFileType = file.storyboard; name = Base; path = Base.lproj/Main.storyboard; sourceTree = "<group>"; };
		963ECEB029D2FB1D00ABE553 /* Assets.xcassets */ = {isa = PBXFileReference; lastKnownFileType = folder.assetcatalog; path = Assets.xcassets; sourceTree = "<group>"; };
		963ECEB329D2FB1D00ABE553 /* Base */ = {isa = PBXFileReference; lastKnownFileType = file.storyboard; name = Base; path = Base.lproj/LaunchScreen.storyboard; sourceTree = "<group>"; };
		963ECEB529D2FB1D00ABE553 /* Info.plist */ = {isa = PBXFileReference; lastKnownFileType = text.plist.xml; path = Info.plist; sourceTree = "<group>"; };
		963ECEBA29D2FB1D00ABE553 /* Спринт 3. ЗадачаTests.xctest */ = {isa = PBXFileReference; explicitFileType = wrapper.cfbundle; includeInIndex = 0; path = "Спринт 3. ЗадачаTests.xctest"; sourceTree = BUILT_PRODUCTS_DIR; };
		963ECEBE29D2FB1E00ABE553 /* _______3________Tests.swift */ = {isa = PBXFileReference; lastKnownFileType = sourcecode.swift; path = "_______3________Tests.swift"; sourceTree = "<group>"; };
		963ECEC429D2FB1E00ABE553 /* Спринт 3. ЗадачаUITests.xctest */ = {isa = PBXFileReference; explicitFileType = wrapper.cfbundle; includeInIndex = 0; path = "Спринт 3. ЗадачаUITests.xctest"; sourceTree = BUILT_PRODUCTS_DIR; };
		963ECEC829D2FB1E00ABE553 /* _______3________UITests.swift */ = {isa = PBXFileReference; lastKnownFileType = sourcecode.swift; path = "_______3________UITests.swift"; sourceTree = "<group>"; };
		963ECECA29D2FB1E00ABE553 /* _______3________UITestsLaunchTests.swift */ = {isa = PBXFileReference; lastKnownFileType = sourcecode.swift; path = "_______3________UITestsLaunchTests.swift"; sourceTree = "<group>"; };
/* End PBXFileReference section */

/* Begin PBXFrameworksBuildPhase section */
		963ECEA129D2FB1D00ABE553 /* Frameworks */ = {
			isa = PBXFrameworksBuildPhase;
			buildActionMask = 2147483647;
			files = (
			);
			runOnlyForDeploymentPostprocessing = 0;
		};
		963ECEB729D2FB1D00ABE553 /* Frameworks */ = {
			isa = PBXFrameworksBuildPhase;
			buildActionMask = 2147483647;
			files = (
			);
			runOnlyForDeploymentPostprocessing = 0;
		};
		963ECEC129D2FB1E00ABE553 /* Frameworks */ = {
			isa = PBXFrameworksBuildPhase;
			buildActionMask = 2147483647;
			files = (
			);
			runOnlyForDeploymentPostprocessing = 0;
		};
/* End PBXFrameworksBuildPhase section */

/* Begin PBXGroup section */
		963ECE9B29D2FB1D00ABE553 = {
			isa = PBXGroup;
			children = (
				963ECEA629D2FB1D00ABE553 /* Спринт 3. Задача */,
				963ECEBD29D2FB1E00ABE553 /* Спринт 3. ЗадачаTests */,
				963ECEC729D2FB1E00ABE553 /* Спринт 3. ЗадачаUITests */,
				963ECEA529D2FB1D00ABE553 /* Products */,
			);
			sourceTree = "<group>";
		};
		963ECEA529D2FB1D00ABE553 /* Products */ = {
			isa = PBXGroup;
			children = (
				963ECEA429D2FB1D00ABE553 /* Спринт 3. Задача.app */,
				963ECEBA29D2FB1D00ABE553 /* Спринт 3. ЗадачаTests.xctest */,
				963ECEC429D2FB1E00ABE553 /* Спринт 3. ЗадачаUITests.xctest */,
			);
			name = Products;
			sourceTree = "<group>";
		};
		963ECEA629D2FB1D00ABE553 /* Спринт 3. Задача */ = {
			isa = PBXGroup;
			children = (
				963ECEA729D2FB1D00ABE553 /* AppDelegate.swift */,
				963ECEA929D2FB1D00ABE553 /* SceneDelegate.swift */,
				963ECEAB29D2FB1D00ABE553 /* ViewController.swift */,
				963ECEAD29D2FB1D00ABE553 /* Main.storyboard */,
				963ECEB029D2FB1D00ABE553 /* Assets.xcassets */,
				963ECEB229D2FB1D00ABE553 /* LaunchScreen.storyboard */,
				963ECEB529D2FB1D00ABE553 /* Info.plist */,
			);
			path = "Спринт 3. Задача";
			sourceTree = "<group>";
		};
		963ECEBD29D2FB1E00ABE553 /* Спринт 3. ЗадачаTests */ = {
			isa = PBXGroup;
			children = (
				963ECEBE29D2FB1E00ABE553 /* _______3________Tests.swift */,
			);
			path = "Спринт 3. ЗадачаTests";
			sourceTree = "<group>";
		};
		963ECEC729D2FB1E00ABE553 /* Спринт 3. ЗадачаUITests */ = {
			isa = PBXGroup;
			children = (
				963ECEC829D2FB1E00ABE553 /* _______3________UITests.swift */,
				963ECECA29D2FB1E00ABE553 /* _______3________UITestsLaunchTests.swift */,
			);
			path = "Спринт 3. ЗадачаUITests";
			sourceTree = "<group>";
		};
/* End PBXGroup section */

/* Begin PBXNativeTarget section */
		963ECEA329D2FB1D00ABE553 /* Спринт 3. Задача */ = {
			isa = PBXNativeTarget;
			buildConfigurationList = 963ECECE29D2FB1E00ABE553 /* Build configuration list for PBXNativeTarget "Спринт 3. Задача" */;
			buildPhases = (
				963ECEA029D2FB1D00ABE553 /* Sources */,
				963ECEA129D2FB1D00ABE553 /* Frameworks */,
				963ECEA229D2FB1D00ABE553 /* Resources */,
			);
			buildRules = (
			);
			dependencies = (
			);
			name = "Спринт 3. Задача";
			productName = "Спринт 3. Задача";
			productReference = 963ECEA429D2FB1D00ABE553 /* Спринт 3. Задача.app */;
			productType = "com.apple.product-type.application";
		};
		963ECEB929D2FB1D00ABE553 /* Спринт 3. ЗадачаTests */ = {
			isa = PBXNativeTarget;
			buildConfigurationList = 963ECED129D2FB1E00ABE553 /* Build configuration list for PBXNativeTarget "Спринт 3. ЗадачаTests" */;
			buildPhases = (
				963ECEB629D2FB1D00ABE553 /* Sources */,
				963ECEB729D2FB1D00ABE553 /* Frameworks */,
				963ECEB829D2FB1D00ABE553 /* Resources */,
			);
			buildRules = (
			);
			dependencies = (
				963ECEBC29D2FB1D00ABE553 /* PBXTargetDependency */,
			);
			name = "Спринт 3. ЗадачаTests";
			productName = "Спринт 3. ЗадачаTests";
			productReference = 963ECEBA29D2FB1D00ABE553 /* Спринт 3. ЗадачаTests.xctest */;
			productType = "com.apple.product-type.bundle.unit-test";
		};
		963ECEC329D2FB1E00ABE553 /* Спринт 3. ЗадачаUITests */ = {
			isa = PBXNativeTarget;
			buildConfigurationList = 963ECED429D2FB1E00ABE553 /* Build configuration list for PBXNativeTarget "Спринт 3. ЗадачаUITests" */;
			buildPhases = (
				963ECEC029D2FB1E00ABE553 /* Sources */,
				963ECEC129D2FB1E00ABE553 /* Frameworks */,
				963ECEC229D2FB1E00ABE553 /* Resources */,
			);
			buildRules = (
			);
			dependencies = (
				963ECEC629D2FB1E00ABE553 /* PBXTargetDependency */,
			);
			name = "Спринт 3. ЗадачаUITests";
			productName = "Спринт 3. ЗадачаUITests";
			productReference = 963ECEC429D2FB1E00ABE553 /* Спринт 3. ЗадачаUITests.xctest */;
			productType = "com.apple.product-type.bundle.ui-testing";
		};
/* End PBXNativeTarget section */

/* Begin PBXProject section */
		963ECE9C29D2FB1D00ABE553 /* Project object */ = {
			isa = PBXProject;
			attributes = {
				BuildIndependentTargetsInParallel = 1;
				LastSwiftUpdateCheck = 1420;
				LastUpgradeCheck = 1420;
				TargetAttributes = {
					963ECEA329D2FB1D00ABE553 = {
						CreatedOnToolsVersion = 14.2;
					};
					963ECEB929D2FB1D00ABE553 = {
						CreatedOnToolsVersion = 14.2;
						TestTargetID = 963ECEA329D2FB1D00ABE553;
					};
					963ECEC329D2FB1E00ABE553 = {
						CreatedOnToolsVersion = 14.2;
						TestTargetID = 963ECEA329D2FB1D00ABE553;
					};
				};
			};
			buildConfigurationList = 963ECE9F29D2FB1D00ABE553 /* Build configuration list for PBXProject "Спринт 3. Задача" */;
			compatibilityVersion = "Xcode 14.0";
			developmentRegion = en;
			hasScannedForEncodings = 0;
			knownRegions = (
				en,
				Base,
			);
			mainGroup = 963ECE9B29D2FB1D00ABE553;
			productRefGroup = 963ECEA529D2FB1D00ABE553 /* Products */;
			projectDirPath = "";
			projectRoot = "";
			targets = (
				963ECEA329D2FB1D00ABE553 /* Спринт 3. Задача */,
				963ECEB929D2FB1D00ABE553 /* Спринт 3. ЗадачаTests */,
				963ECEC329D2FB1E00ABE553 /* Спринт 3. ЗадачаUITests */,
			);
		};
/* End PBXProject section */

/* Begin PBXResourcesBuildPhase section */
		963ECEA229D2FB1D00ABE553 /* Resources */ = {
			isa = PBXResourcesBuildPhase;
			buildActionMask = 2147483647;
			files = (
				963ECEB429D2FB1D00ABE553 /* LaunchScreen.storyboard in Resources */,
				963ECEB129D2FB1D00ABE553 /* Assets.xcassets in Resources */,
				963ECEAF29D2FB1D00ABE553 /* Main.storyboard in Resources */,
			);
			runOnlyForDeploymentPostprocessing = 0;
		};
		963ECEB829D2FB1D00ABE553 /* Resources */ = {
			isa = PBXResourcesBuildPhase;
			buildActionMask = 2147483647;
			files = (
			);
			runOnlyForDeploymentPostprocessing = 0;
		};
		963ECEC229D2FB1E00ABE553 /* Resources */ = {
			isa = PBXResourcesBuildPhase;
			buildActionMask = 2147483647;
			files = (
			);
			runOnlyForDeploymentPostprocessing = 0;
		};
/* End PBXResourcesBuildPhase section */

/* Begin PBXSourcesBuildPhase section */
		963ECEA029D2FB1D00ABE553 /* Sources */ = {
			isa = PBXSourcesBuildPhase;
			buildActionMask = 2147483647;
			files = (
				963ECEAC29D2FB1D00ABE553 /* ViewController.swift in Sources */,
				963ECEA829D2FB1D00ABE553 /* AppDelegate.swift in Sources */,
				963ECEAA29D2FB1D00ABE553 /* SceneDelegate.swift in Sources */,
			);
			runOnlyForDeploymentPostprocessing = 0;
		};
		963ECEB629D2FB1D00ABE553 /* Sources */ = {
			isa = PBXSourcesBuildPhase;
			buildActionMask = 2147483647;
			files = (
				963ECEBF29D2FB1E00ABE553 /* _______3________Tests.swift in Sources */,
			);
			runOnlyForDeploymentPostprocessing = 0;
		};
		963ECEC029D2FB1E00ABE553 /* Sources */ = {
			isa = PBXSourcesBuildPhase;
			buildActionMask = 2147483647;
			files = (
				963ECECB29D2FB1E00ABE553 /* _______3________UITestsLaunchTests.swift in Sources */,
				963ECEC929D2FB1E00ABE553 /* _______3________UITests.swift in Sources */,
			);
			runOnlyForDeploymentPostprocessing = 0;
		};
/* End PBXSourcesBuildPhase section */

/* Begin PBXTargetDependency section */
		963ECEBC29D2FB1D00ABE553 /* PBXTargetDependency */ = {
			isa = PBXTargetDependency;
			target = 963ECEA329D2FB1D00ABE553 /* Спринт 3. Задача */;
			targetProxy = 963ECEBB29D2FB1D00ABE553 /* PBXContainerItemProxy */;
		};
		963ECEC629D2FB1E00ABE553 /* PBXTargetDependency */ = {
			isa = PBXTargetDependency;
			target = 963ECEA329D2FB1D00ABE553 /* Спринт 3. Задача */;
			targetProxy = 963ECEC529D2FB1E00ABE553 /* PBXContainerItemProxy */;
		};
/* End PBXTargetDependency section */

/* Begin PBXVariantGroup section */
		963ECEAD29D2FB1D00ABE553 /* Main.storyboard */ = {
			isa = PBXVariantGroup;
			children = (
				963ECEAE29D2FB1D00ABE553 /* Base */,
			);
			name = Main.storyboard;
			sourceTree = "<group>";
		};
		963ECEB229D2FB1D00ABE553 /* LaunchScreen.storyboard */ = {
			isa = PBXVariantGroup;
			children = (
				963ECEB329D2FB1D00ABE553 /* Base */,
			);
			name = LaunchScreen.storyboard;
			sourceTree = "<group>";
		};
/* End PBXVariantGroup section */

/* Begin XCBuildConfiguration section */
		963ECECC29D2FB1E00ABE553 /* Debug */ = {
			isa = XCBuildConfiguration;
			buildSettings = {
				ALWAYS_SEARCH_USER_PATHS = NO;
				CLANG_ANALYZER_NONNULL = YES;
				CLANG_ANALYZER_NUMBER_OBJECT_CONVERSION = YES_AGGRESSIVE;
				CLANG_CXX_LANGUAGE_STANDARD = "gnu++20";
				CLANG_ENABLE_MODULES = YES;
				CLANG_ENABLE_OBJC_ARC = YES;
				CLANG_ENABLE_OBJC_WEAK = YES;
				CLANG_WARN_BLOCK_CAPTURE_AUTORELEASING = YES;
				CLANG_WARN_BOOL_CONVERSION = YES;
				CLANG_WARN_COMMA = YES;
				CLANG_WARN_CONSTANT_CONVERSION = YES;
				CLANG_WARN_DEPRECATED_OBJC_IMPLEMENTATIONS = YES;
				CLANG_WARN_DIRECT_OBJC_ISA_USAGE = YES_ERROR;
				CLANG_WARN_DOCUMENTATION_COMMENTS = YES;
				CLANG_WARN_EMPTY_BODY = YES;
				CLANG_WARN_ENUM_CONVERSION = YES;
				CLANG_WARN_INFINITE_RECURSION = YES;
				CLANG_WARN_INT_CONVERSION = YES;
				CLANG_WARN_NON_LITERAL_NULL_CONVERSION = YES;
				CLANG_WARN_OBJC_IMPLICIT_RETAIN_SELF = YES;
				CLANG_WARN_OBJC_LITERAL_CONVERSION = YES;
				CLANG_WARN_OBJC_ROOT_CLASS = YES_ERROR;
				CLANG_WARN_QUOTED_INCLUDE_IN_FRAMEWORK_HEADER = YES;
				CLANG_WARN_RANGE_LOOP_ANALYSIS = YES;
				CLANG_WARN_STRICT_PROTOTYPES = YES;
				CLANG_WARN_SUSPICIOUS_MOVE = YES;
				CLANG_WARN_UNGUARDED_AVAILABILITY = YES_AGGRESSIVE;
				CLANG_WARN_UNREACHABLE_CODE = YES;
				CLANG_WARN__DUPLICATE_METHOD_MATCH = YES;
				COPY_PHASE_STRIP = NO;
				DEBUG_INFORMATION_FORMAT = dwarf;
				ENABLE_STRICT_OBJC_MSGSEND = YES;
				ENABLE_TESTABILITY = YES;
				GCC_C_LANGUAGE_STANDARD = gnu11;
				GCC_DYNAMIC_NO_PIC = NO;
				GCC_NO_COMMON_BLOCKS = YES;
				GCC_OPTIMIZATION_LEVEL = 0;
				GCC_PREPROCESSOR_DEFINITIONS = (
					"DEBUG=1",
					"$(inherited)",
				);
				GCC_WARN_64_TO_32_BIT_CONVERSION = YES;
				GCC_WARN_ABOUT_RETURN_TYPE = YES_ERROR;
				GCC_WARN_UNDECLARED_SELECTOR = YES;
				GCC_WARN_UNINITIALIZED_AUTOS = YES_AGGRESSIVE;
				GCC_WARN_UNUSED_FUNCTION = YES;
				GCC_WARN_UNUSED_VARIABLE = YES;
				IPHONEOS_DEPLOYMENT_TARGET = 16.2;
				MTL_ENABLE_DEBUG_INFO = INCLUDE_SOURCE;
				MTL_FAST_MATH = YES;
				ONLY_ACTIVE_ARCH = YES;
				SDKROOT = iphoneos;
				SWIFT_ACTIVE_COMPILATION_CONDITIONS = DEBUG;
				SWIFT_OPTIMIZATION_LEVEL = "-Onone";
			};
			name = Debug;
		};
		963ECECD29D2FB1E00ABE553 /* Release */ = {
			isa = XCBuildConfiguration;
			buildSettings = {
				ALWAYS_SEARCH_USER_PATHS = NO;
				CLANG_ANALYZER_NONNULL = YES;
				CLANG_ANALYZER_NUMBER_OBJECT_CONVERSION = YES_AGGRESSIVE;
				CLANG_CXX_LANGUAGE_STANDARD = "gnu++20";
				CLANG_ENABLE_MODULES = YES;
				CLANG_ENABLE_OBJC_ARC = YES;
				CLANG_ENABLE_OBJC_WEAK = YES;
				CLANG_WARN_BLOCK_CAPTURE_AUTORELEASING = YES;
				CLANG_WARN_BOOL_CONVERSION = YES;
				CLANG_WARN_COMMA = YES;
				CLANG_WARN_CONSTANT_CONVERSION = YES;
				CLANG_WARN_DEPRECATED_OBJC_IMPLEMENTATIONS = YES;
				CLANG_WARN_DIRECT_OBJC_ISA_USAGE = YES_ERROR;
				CLANG_WARN_DOCUMENTATION_COMMENTS = YES;
				CLANG_WARN_EMPTY_BODY = YES;
				CLANG_WARN_ENUM_CONVERSION = YES;
				CLANG_WARN_INFINITE_RECURSION = YES;
				CLANG_WARN_INT_CONVERSION = YES;
				CLANG_WARN_NON_LITERAL_NULL_CONVERSION = YES;
				CLANG_WARN_OBJC_IMPLICIT_RETAIN_SELF = YES;
				CLANG_WARN_OBJC_LITERAL_CONVERSION = YES;
				CLANG_WARN_OBJC_ROOT_CLASS = YES_ERROR;
				CLANG_WARN_QUOTED_INCLUDE_IN_FRAMEWORK_HEADER = YES;
				CLANG_WARN_RANGE_LOOP_ANALYSIS = YES;
				CLANG_WARN_STRICT_PROTOTYPES = YES;
				CLANG_WARN_SUSPICIOUS_MOVE = YES;
				CLANG_WARN_UNGUARDED_AVAILABILITY = YES_AGGRESSIVE;
				CLANG_WARN_UNREACHABLE_CODE = YES;
				CLANG_WARN__DUPLICATE_METHOD_MATCH = YES;
				COPY_PHASE_STRIP = NO;
				DEBUG_INFORMATION_FORMAT = "dwarf-with-dsym";
				ENABLE_NS_ASSERTIONS = NO;
				ENABLE_STRICT_OBJC_MSGSEND = YES;
				GCC_C_LANGUAGE_STANDARD = gnu11;
				GCC_NO_COMMON_BLOCKS = YES;
				GCC_WARN_64_TO_32_BIT_CONVERSION = YES;
				GCC_WARN_ABOUT_RETURN_TYPE = YES_ERROR;
				GCC_WARN_UNDECLARED_SELECTOR = YES;
				GCC_WARN_UNINITIALIZED_AUTOS = YES_AGGRESSIVE;
				GCC_WARN_UNUSED_FUNCTION = YES;
				GCC_WARN_UNUSED_VARIABLE = YES;
				IPHONEOS_DEPLOYMENT_TARGET = 16.2;
				MTL_ENABLE_DEBUG_INFO = NO;
				MTL_FAST_MATH = YES;
				SDKROOT = iphoneos;
				SWIFT_COMPILATION_MODE = wholemodule;
				SWIFT_OPTIMIZATION_LEVEL = "-O";
				VALIDATE_PRODUCT = YES;
			};
			name = Release;
		};
		963ECECF29D2FB1E00ABE553 /* Debug */ = {
			isa = XCBuildConfiguration;
			buildSettings = {
				ASSETCATALOG_COMPILER_APPICON_NAME = AppIcon;
				ASSETCATALOG_COMPILER_GLOBAL_ACCENT_COLOR_NAME = AccentColor;
				CODE_SIGN_STYLE = Automatic;
				CURRENT_PROJECT_VERSION = 1;
				DEVELOPMENT_TEAM = X8AB9JNT66;
				GENERATE_INFOPLIST_FILE = YES;
				INFOPLIST_FILE = "Спринт 3. Задача/Info.plist";
				INFOPLIST_KEY_UIApplicationSupportsIndirectInputEvents = YES;
				INFOPLIST_KEY_UILaunchStoryboardName = LaunchScreen;
				INFOPLIST_KEY_UIMainStoryboardFile = Main;
				INFOPLIST_KEY_UISupportedInterfaceOrientations_iPad = "UIInterfaceOrientationPortrait UIInterfaceOrientationPortraitUpsideDown UIInterfaceOrientationLandscapeLeft UIInterfaceOrientationLandscapeRight";
				INFOPLIST_KEY_UISupportedInterfaceOrientations_iPhone = "UIInterfaceOrientationPortrait UIInterfaceOrientationLandscapeLeft UIInterfaceOrientationLandscapeRight";
				LD_RUNPATH_SEARCH_PATHS = (
					"$(inherited)",
					"@executable_path/Frameworks",
				);
				MARKETING_VERSION = 1.0;
				PRODUCT_BUNDLE_IDENTIFIER = "test.-------3--------";
				PRODUCT_NAME = "$(TARGET_NAME)";
				SWIFT_EMIT_LOC_STRINGS = YES;
				SWIFT_VERSION = 5.0;
				TARGETED_DEVICE_FAMILY = "1,2";
			};
			name = Debug;
		};
		963ECED029D2FB1E00ABE553 /* Release */ = {
			isa = XCBuildConfiguration;
			buildSettings = {
				ASSETCATALOG_COMPILER_APPICON_NAME = AppIcon;
				ASSETCATALOG_COMPILER_GLOBAL_ACCENT_COLOR_NAME = AccentColor;
				CODE_SIGN_STYLE = Automatic;
				CURRENT_PROJECT_VERSION = 1;
				DEVELOPMENT_TEAM = X8AB9JNT66;
				GENERATE_INFOPLIST_FILE = YES;
				INFOPLIST_FILE = "Спринт 3. Задача/Info.plist";
				INFOPLIST_KEY_UIApplicationSupportsIndirectInputEvents = YES;
				INFOPLIST_KEY_UILaunchStoryboardName = LaunchScreen;
				INFOPLIST_KEY_UIMainStoryboardFile = Main;
				INFOPLIST_KEY_UISupportedInterfaceOrientations_iPad = "UIInterfaceOrientationPortrait UIInterfaceOrientationPortraitUpsideDown UIInterfaceOrientationLandscapeLeft UIInterfaceOrientationLandscapeRight";
				INFOPLIST_KEY_UISupportedInterfaceOrientations_iPhone = "UIInterfaceOrientationPortrait UIInterfaceOrientationLandscapeLeft UIInterfaceOrientationLandscapeRight";
				LD_RUNPATH_SEARCH_PATHS = (
					"$(inherited)",
					"@executable_path/Frameworks",
				);
				MARKETING_VERSION = 1.0;
				PRODUCT_BUNDLE_IDENTIFIER = "test.-------3--------";
				PRODUCT_NAME = "$(TARGET_NAME)";
				SWIFT_EMIT_LOC_STRINGS = YES;
				SWIFT_VERSION = 5.0;
				TARGETED_DEVICE_FAMILY = "1,2";
			};
			name = Release;
		};
		963ECED229D2FB1E00ABE553 /* Debug */ = {
			isa = XCBuildConfiguration;
			buildSettings = {
				ALWAYS_EMBED_SWIFT_STANDARD_LIBRARIES = YES;
				BUNDLE_LOADER = "$(TEST_HOST)";
				CODE_SIGN_STYLE = Automatic;
				CURRENT_PROJECT_VERSION = 1;
				DEVELOPMENT_TEAM = X8AB9JNT66;
				GENERATE_INFOPLIST_FILE = YES;
				IPHONEOS_DEPLOYMENT_TARGET = 16.2;
				MARKETING_VERSION = 1.0;
				PRODUCT_BUNDLE_IDENTIFIER = "test.-------3--------Tests";
				PRODUCT_NAME = "$(TARGET_NAME)";
				SWIFT_EMIT_LOC_STRINGS = NO;
				SWIFT_VERSION = 5.0;
				TARGETED_DEVICE_FAMILY = "1,2";
				TEST_HOST = "$(BUILT_PRODUCTS_DIR)/Спринт 3. Задача.app/$(BUNDLE_EXECUTABLE_FOLDER_PATH)/Спринт 3. Задача";
			};
			name = Debug;
		};
		963ECED329D2FB1E00ABE553 /* Release */ = {
			isa = XCBuildConfiguration;
			buildSettings = {
				ALWAYS_EMBED_SWIFT_STANDARD_LIBRARIES = YES;
				BUNDLE_LOADER = "$(TEST_HOST)";
				CODE_SIGN_STYLE = Automatic;
				CURRENT_PROJECT_VERSION = 1;
				DEVELOPMENT_TEAM = X8AB9JNT66;
				GENERATE_INFOPLIST_FILE = YES;
				IPHONEOS_DEPLOYMENT_TARGET = 16.2;
				MARKETING_VERSION = 1.0;
				PRODUCT_BUNDLE_IDENTIFIER = "test.-------3--------Tests";
				PRODUCT_NAME = "$(TARGET_NAME)";
				SWIFT_EMIT_LOC_STRINGS = NO;
				SWIFT_VERSION = 5.0;
				TARGETED_DEVICE_FAMILY = "1,2";
				TEST_HOST = "$(BUILT_PRODUCTS_DIR)/Спринт 3. Задача.app/$(BUNDLE_EXECUTABLE_FOLDER_PATH)/Спринт 3. Задача";
			};
			name = Release;
		};
		963ECED529D2FB1E00ABE553 /* Debug */ = {
			isa = XCBuildConfiguration;
			buildSettings = {
				ALWAYS_EMBED_SWIFT_STANDARD_LIBRARIES = YES;
				CODE_SIGN_STYLE = Automatic;
				CURRENT_PROJECT_VERSION = 1;
				DEVELOPMENT_TEAM = X8AB9JNT66;
				GENERATE_INFOPLIST_FILE = YES;
				MARKETING_VERSION = 1.0;
				PRODUCT_BUNDLE_IDENTIFIER = "test.-------3--------UITests";
				PRODUCT_NAME = "$(TARGET_NAME)";
				SWIFT_EMIT_LOC_STRINGS = NO;
				SWIFT_VERSION = 5.0;
				TARGETED_DEVICE_FAMILY = "1,2";
				TEST_TARGET_NAME = "Спринт 3. Задача";
			};
			name = Debug;
		};
		963ECED629D2FB1E00ABE553 /* Release */ = {
			isa = XCBuildConfiguration;
			buildSettings = {
				ALWAYS_EMBED_SWIFT_STANDARD_LIBRARIES = YES;
				CODE_SIGN_STYLE = Automatic;
				CURRENT_PROJECT_VERSION = 1;
				DEVELOPMENT_TEAM = X8AB9JNT66;
				GENERATE_INFOPLIST_FILE = YES;
				MARKETING_VERSION = 1.0;
				PRODUCT_BUNDLE_IDENTIFIER = "test.-------3--------UITests";
				PRODUCT_NAME = "$(TARGET_NAME)";
				SWIFT_EMIT_LOC_STRINGS = NO;
				SWIFT_VERSION = 5.0;
				TARGETED_DEVICE_FAMILY = "1,2";
				TEST_TARGET_NAME = "Спринт 3. Задача";
			};
			name = Release;
		};
/* End XCBuildConfiguration section */

/* Begin XCConfigurationList section */
		963ECE9F29D2FB1D00ABE553 /* Build configuration list for PBXProject "Спринт 3. Задача" */ = {
			isa = XCConfigurationList;
			buildConfigurations = (
				963ECECC29D2FB1E00ABE553 /* Debug */,
				963ECECD29D2FB1E00ABE553 /* Release */,
			);
			defaultConfigurationIsVisible = 0;
			defaultConfigurationName = Release;
		};
		963ECECE29D2FB1E00ABE553 /* Build configuration list for PBXNativeTarget "Спринт 3. Задача" */ = {
			isa = XCConfigurationList;
			buildConfigurations = (
				963ECECF29D2FB1E00ABE553 /* Debug */,
				963ECED029D2FB1E00ABE553 /* Release */,
			);
			defaultConfigurationIsVisible = 0;
			defaultConfigurationName = Release;
		};
		963ECED129D2FB1E00ABE553 /* Build configuration list for PBXNativeTarget "Спринт 3. ЗадачаTests" */ = {
			isa = XCConfigurationList;
			buildConfigurations = (
				963ECED229D2FB1E00ABE553 /* Debug */,
				963ECED329D2FB1E00ABE553 /* Release */,
			);
			defaultConfigurationIsVisible = 0;
			defaultConfigurationName = Release;
		};
		963ECED429D2FB1E00ABE553 /* Build configuration list for PBXNativeTarget "Спринт 3. ЗадачаUITests" */ = {
			isa = XCConfigurationList;
			buildConfigurations = (
				963ECED529D2FB1E00ABE553 /* Debug */,
				963ECED629D2FB1E00ABE553 /* Release */,
			);
			defaultConfigurationIsVisible = 0;
			defaultConfigurationName = Release;
		};
/* End XCConfigurationList section */
	};
	rootObject = 963ECE9C29D2FB1D00ABE553 /* Project object */;
}
